# THIS IS AN AUTOGENERATED FILE. DO NOT EDIT THIS FILE DIRECTLY.
# yarn lockfile v1


bootstrap-social@5.1.1:
  version "5.1.1"
  resolved "https://registry.yarnpkg.com/bootstrap-social/-/bootstrap-social-5.1.1.tgz#7530c678adf56cf8fad3fa82c29d4d3e5d027501"
  integrity sha1-dTDGeK31bPj60/qCwp1NPl0CdQE=
  dependencies:
    bootstrap "~3"
    font-awesome "~4.7"

bootstrap@~3:
  version "3.4.0"
  resolved "https://registry.yarnpkg.com/bootstrap/-/bootstrap-3.4.0.tgz#f8d77540dd3062283d2ae7687e21c1e691961640"
  integrity sha512-F1yTDO9OHKH0xjl03DsOe8Nu1OWBIeAugGMhy3UTIYDdbbIPesQIhCEbj+HEr6wqlwweGAlP8F3OBC6kEuhFuw==

font-awesome@4.7.0, font-awesome@~4.7:
  version "4.7.0"
  resolved "https://registry.yarnpkg.com/font-awesome/-/font-awesome-4.7.0.tgz#8fa8cf0411a1a31afd07b06d2902bb9fc815a133"
  integrity sha1-j6jPBBGhoxr9B7BtKQK7n8gVoTM=
